{
  "name": "vuln-proj",
  "lockfileVersion": 2,
  "requires": true,
  "packages": {
    "": {
      "dependencies": {
        "lodash": "^4.17.0"
      }
    },
    "node_modules/lodash": {
      "version": "4.17.0",
      "resolved": "https://registry.npmjs.org/lodash/-/lodash-4.17.0.tgz",
      "integrity": "sha1-k/RGblq3PlofEhbDTuoRU18KjfU="
    }
  },
  "dependencies": {
    "lodash": {
      "version": "4.17.0",
      "resolved": "https://registry.npmjs.org/lodash/-/lodash-4.17.0.tgz",
      "integrity": "sha1-k/RGblq3PlofEhbDTuoRU18KjfU="
    }
  }
}
